
Microsoft Visual Studio Solution File, Format Version 12.00
# Visual Studio Version 17
VisualStudioVersion = 17.6.33723.286
MinimumVisualStudioVersion = 10.0.40219.1
Project("{FAE04EC0-301F-11D3-BF4B-00C04F79EFBC}") = "ProyectoGrupoA_CS", "ProyectoGrupoA_CS\ProyectoGrupoA_CS.csproj", "{F2F8705E-C309-44D8-B84B-CD403FECBA66}"
	ProjectSection(ProjectDependencies) = postProject
		{FFF909BD-DACA-4A27-9347-1820F701E234} = {FFF909BD-DACA-4A27-9347-1820F701E234}
	EndProjectSection
EndProject
Project("{FAE04EC0-301F-11D3-BF4B-00C04F79EFBC}") = "PrototipoProy", "..\PrototipoProy\PrototipoProy\PrototipoProy\PrototipoProy.csproj", "{FFF909BD-DACA-4A27-9347-1820F701E234}"
EndProject
Project("{FAE04EC0-301F-11D3-BF4B-00C04F79EFBC}") = "Data", "Data\Data.csproj", "{40744A50-9C38-4C1D-B8AD-FCEA2C5A370B}"
EndProject
Project("{FAE04EC0-301F-11D3-BF4B-00C04F79EFBC}") = "Conductor", "Conductor\Conductor.csproj", "{52C2F861-8AE0-4B4D-BC3B-A59F74A24618}"
EndProject
Project("{FAE04EC0-301F-11D3-BF4B-00C04F79EFBC}") = "Ambulancia", "Ambulancia\Ambulancia.csproj", "{62C581DA-0B7C-4F50-A1D2-0C39B0BE7A54}"
EndProject
Project("{FAE04EC0-301F-11D3-BF4B-00C04F79EFBC}") = "PruebaConductor", "PruebaConductor\PruebaConductor.csproj", "{4C7F4F03-BFDE-4CF9-AF85-BDA7F2F67E19}"
EndProject
Project("{FAE04EC0-301F-11D3-BF4B-00C04F79EFBC}") = "PruebasCrud", "PruebasCrud\PruebasCrud.csproj", "{46563F87-0DA3-41A2-A569-CABD249A88D0}"
EndProject
Project("{FAE04EC0-301F-11D3-BF4B-00C04F79EFBC}") = "Insumos", "Insumos\Insumos.csproj", "{5FD4BAD5-FBA3-469F-BA12-96E0607B52EE}"
EndProject
Project("{FAE04EC0-301F-11D3-BF4B-00C04F79EFBC}") = "Facturas", "Facturas\Facturas.csproj", "{DC92122D-064D-4728-9ECC-9B9D380C5C96}"
EndProject
Project("{FAE04EC0-301F-11D3-BF4B-00C04F79EFBC}") = "Usuario", "Usuario\Usuario.csproj", "{9F0395A5-3463-4933-815F-BFF329DE2D1B}"
EndProject
Project("{FAE04EC0-301F-11D3-BF4B-00C04F79EFBC}") = "Pacientes", "Pacientes\Pacientes.csproj", "{02AFB0A6-2D34-4EB6-B213-C7C2723C010B}"
EndProject
Global
	GlobalSection(SolutionConfigurationPlatforms) = preSolution
		Debug|Any CPU = Debug|Any CPU
		Release|Any CPU = Release|Any CPU
	EndGlobalSection
	GlobalSection(ProjectConfigurationPlatforms) = postSolution
		{F2F8705E-C309-44D8-B84B-CD403FECBA66}.Debug|Any CPU.ActiveCfg = Debug|Any CPU
		{F2F8705E-C309-44D8-B84B-CD403FECBA66}.Debug|Any CPU.Build.0 = Debug|Any CPU
		{F2F8705E-C309-44D8-B84B-CD403FECBA66}.Release|Any CPU.ActiveCfg = Release|Any CPU
		{F2F8705E-C309-44D8-B84B-CD403FECBA66}.Release|Any CPU.Build.0 = Release|Any CPU
		{FFF909BD-DACA-4A27-9347-1820F701E234}.Debug|Any CPU.ActiveCfg = Debug|Any CPU
		{FFF909BD-DACA-4A27-9347-1820F701E234}.Debug|Any CPU.Build.0 = Debug|Any CPU
		{FFF909BD-DACA-4A27-9347-1820F701E234}.Release|Any CPU.ActiveCfg = Release|Any CPU
		{FFF909BD-DACA-4A27-9347-1820F701E234}.Release|Any CPU.Build.0 = Release|Any CPU
		{40744A50-9C38-4C1D-B8AD-FCEA2C5A370B}.Debug|Any CPU.ActiveCfg = Debug|Any CPU
		{40744A50-9C38-4C1D-B8AD-FCEA2C5A370B}.Debug|Any CPU.Build.0 = Debug|Any CPU
		{40744A50-9C38-4C1D-B8AD-FCEA2C5A370B}.Release|Any CPU.ActiveCfg = Release|Any CPU
		{40744A50-9C38-4C1D-B8AD-FCEA2C5A370B}.Release|Any CPU.Build.0 = Release|Any CPU
		{52C2F861-8AE0-4B4D-BC3B-A59F74A24618}.Debug|Any CPU.ActiveCfg = Debug|Any CPU
		{52C2F861-8AE0-4B4D-BC3B-A59F74A24618}.Debug|Any CPU.Build.0 = Debug|Any CPU
		{52C2F861-8AE0-4B4D-BC3B-A59F74A24618}.Release|Any CPU.ActiveCfg = Release|Any CPU
		{52C2F861-8AE0-4B4D-BC3B-A59F74A24618}.Release|Any CPU.Build.0 = Release|Any CPU
		{62C581DA-0B7C-4F50-A1D2-0C39B0BE7A54}.Debug|Any CPU.ActiveCfg = Debug|Any CPU
		{62C581DA-0B7C-4F50-A1D2-0C39B0BE7A54}.Debug|Any CPU.Build.0 = Debug|Any CPU
		{62C581DA-0B7C-4F50-A1D2-0C39B0BE7A54}.Release|Any CPU.ActiveCfg = Release|Any CPU
		{62C581DA-0B7C-4F50-A1D2-0C39B0BE7A54}.Release|Any CPU.Build.0 = Release|Any CPU
		{4C7F4F03-BFDE-4CF9-AF85-BDA7F2F67E19}.Debug|Any CPU.ActiveCfg = Debug|Any CPU
		{4C7F4F03-BFDE-4CF9-AF85-BDA7F2F67E19}.Debug|Any CPU.Build.0 = Debug|Any CPU
		{4C7F4F03-BFDE-4CF9-AF85-BDA7F2F67E19}.Release|Any CPU.ActiveCfg = Release|Any CPU
		{4C7F4F03-BFDE-4CF9-AF85-BDA7F2F67E19}.Release|Any CPU.Build.0 = Release|Any CPU
		{46563F87-0DA3-41A2-A569-CABD249A88D0}.Debug|Any CPU.ActiveCfg = Debug|Any CPU
		{46563F87-0DA3-41A2-A569-CABD249A88D0}.Debug|Any CPU.Build.0 = Debug|Any CPU
		{46563F87-0DA3-41A2-A569-CABD249A88D0}.Release|Any CPU.ActiveCfg = Release|Any CPU
		{46563F87-0DA3-41A2-A569-CABD249A88D0}.Release|Any CPU.Build.0 = Release|Any CPU
		{5FD4BAD5-FBA3-469F-BA12-96E0607B52EE}.Debug|Any CPU.ActiveCfg = Debug|Any CPU
		{5FD4BAD5-FBA3-469F-BA12-96E0607B52EE}.Debug|Any CPU.Build.0 = Debug|Any CPU
		{5FD4BAD5-FBA3-469F-BA12-96E0607B52EE}.Release|Any CPU.ActiveCfg = Release|Any CPU
		{5FD4BAD5-FBA3-469F-BA12-96E0607B52EE}.Release|Any CPU.Build.0 = Release|Any CPU
		{DC92122D-064D-4728-9ECC-9B9D380C5C96}.Debug|Any CPU.ActiveCfg = Debug|Any CPU
		{DC92122D-064D-4728-9ECC-9B9D380C5C96}.Debug|Any CPU.Build.0 = Debug|Any CPU
		{DC92122D-064D-4728-9ECC-9B9D380C5C96}.Release|Any CPU.ActiveCfg = Release|Any CPU
		{DC92122D-064D-4728-9ECC-9B9D380C5C96}.Release|Any CPU.Build.0 = Release|Any CPU
		{9F0395A5-3463-4933-815F-BFF329DE2D1B}.Debug|Any CPU.ActiveCfg = Debug|Any CPU
		{9F0395A5-3463-4933-815F-BFF329DE2D1B}.Debug|Any CPU.Build.0 = Debug|Any CPU
		{9F0395A5-3463-4933-815F-BFF329DE2D1B}.Release|Any CPU.ActiveCfg = Release|Any CPU
		{9F0395A5-3463-4933-815F-BFF329DE2D1B}.Release|Any CPU.Build.0 = Release|Any CPU
		{02AFB0A6-2D34-4EB6-B213-C7C2723C010B}.Debug|Any CPU.ActiveCfg = Debug|Any CPU
		{02AFB0A6-2D34-4EB6-B213-C7C2723C010B}.Debug|Any CPU.Build.0 = Debug|Any CPU
		{02AFB0A6-2D34-4EB6-B213-C7C2723C010B}.Release|Any CPU.ActiveCfg = Release|Any CPU
		{02AFB0A6-2D34-4EB6-B213-C7C2723C010B}.Release|Any CPU.Build.0 = Release|Any CPU
	EndGlobalSection
	GlobalSection(SolutionProperties) = preSolution
		HideSolutionNode = FALSE
	EndGlobalSection
	GlobalSection(ExtensibilityGlobals) = postSolution
		SolutionGuid = {B0A208E6-45C8-4E70-B213-3B7C485150BD}
	EndGlobalSection
EndGlobal
